// !$*UTF8*$!
{
	archiveVersion = 1;
	classes = {
	};
	objectVersion = 46;
	objects = {

/* Begin PBXBuildFile section */
		007562AF1F8A0F5F0066466B /* AppDelegate.swift in Sources */ = {isa = PBXBuildFile; fileRef = 007562AE1F8A0F5F0066466B /* AppDelegate.swift */; };
		007562B11F8A0F5F0066466B /* ViewController.swift in Sources */ = {isa = PBXBuildFile; fileRef = 007562B01F8A0F5F0066466B /* ViewController.swift */; };
		007562B41F8A0F5F0066466B /* Main.storyboard in Resources */ = {isa = PBXBuildFile; fileRef = 007562B21F8A0F5F0066466B /* Main.storyboard */; };
		007562B61F8A0F5F0066466B /* Assets.xcassets in Resources */ = {isa = PBXBuildFile; fileRef = 007562B51F8A0F5F0066466B /* Assets.xcassets */; };
		007562B91F8A0F5F0066466B /* LaunchScreen.storyboard in Resources */ = {isa = PBXBuildFile; fileRef = 007562B71F8A0F5F0066466B /* LaunchScreen.storyboard */; };
		007562D81F8A13C30066466B /* FLXView.framework in Frameworks */ = {isa = PBXBuildFile; fileRef = 007562D71F8A13C30066466B /* FLXView.framework */; };
		007562D91F8A13C30066466B /* FLXView.framework in Embed Frameworks */ = {isa = PBXBuildFile; fileRef = 007562D71F8A13C30066466B /* FLXView.framework */; settings = {ATTRIBUTES = (CodeSignOnCopy, RemoveHeadersOnCopy, ); }; };
		007562DC1F8A1CBA0066466B /* sample.json in Resources */ = {isa = PBXBuildFile; fileRef = 007562DB1F8A1CBA0066466B /* sample.json */; };
		007562DE1F8A34470066466B /* SwiftyJSON.framework in Frameworks */ = {isa = PBXBuildFile; fileRef = 007562DD1F8A34470066466B /* SwiftyJSON.framework */; };
		007562E01F8A34D60066466B /* SwiftyJSON.framework in Embed Frameworks */ = {isa = PBXBuildFile; fileRef = 007562DD1F8A34470066466B /* SwiftyJSON.framework */; settings = {ATTRIBUTES = (CodeSignOnCopy, RemoveHeadersOnCopy, ); }; };
		0084C4D41F8F8F05002BC6B4 /* Layout.swift in Sources */ = {isa = PBXBuildFile; fileRef = 0084C4D31F8F8F05002BC6B4 /* Layout.swift */; };
		00BD83DB1F8DE2E8000E3C4C /* Button.swift in Sources */ = {isa = PBXBuildFile; fileRef = 00BD83DA1F8DE2E8000E3C4C /* Button.swift */; };
		00BD83E11F8DE343000E3C4C /* Label.swift in Sources */ = {isa = PBXBuildFile; fileRef = 00BD83E01F8DE343000E3C4C /* Label.swift */; };
		00BD83E31F8DE36E000E3C4C /* Separator.swift in Sources */ = {isa = PBXBuildFile; fileRef = 00BD83E21F8DE36E000E3C4C /* Separator.swift */; };
/* End PBXBuildFile section */

/* Begin PBXCopyFilesBuildPhase section */
		007562DA1F8A13C30066466B /* Embed Frameworks */ = {
			isa = PBXCopyFilesBuildPhase;
			buildActionMask = 2147483647;
			dstPath = "";
			dstSubfolderSpec = 10;
			files = (
				007562E01F8A34D60066466B /* SwiftyJSON.framework in Embed Frameworks */,
				007562D91F8A13C30066466B /* FLXView.framework in Embed Frameworks */,
			);
			name = "Embed Frameworks";
			runOnlyForDeploymentPostprocessing = 0;
		};
/* End PBXCopyFilesBuildPhase section */

/* Begin PBXFileReference section */
		007562AB1F8A0F5F0066466B /* AFTut.app */ = {isa = PBXFileReference; explicitFileType = wrapper.application; includeInIndex = 0; path = AFTut.app; sourceTree = BUILT_PRODUCTS_DIR; };
		007562AE1F8A0F5F0066466B /* AppDelegate.swift */ = {isa = PBXFileReference; lastKnownFileType = sourcecode.swift; path = AppDelegate.swift; sourceTree = "<group>"; };
		007562B01F8A0F5F0066466B /* ViewController.swift */ = {isa = PBXFileReference; lastKnownFileType = sourcecode.swift; path = ViewController.swift; sourceTree = "<group>"; };
		007562B31F8A0F5F0066466B /* Base */ = {isa = PBXFileReference; lastKnownFileType = file.storyboard; name = Base; path = Base.lproj/Main.storyboard; sourceTree = "<group>"; };
		007562B51F8A0F5F0066466B /* Assets.xcassets */ = {isa = PBXFileReference; lastKnownFileType = folder.assetcatalog; path = Assets.xcassets; sourceTree = "<group>"; };
		007562B81F8A0F5F0066466B /* Base */ = {isa = PBXFileReference; lastKnownFileType = file.storyboard; name = Base; path = Base.lproj/LaunchScreen.storyboard; sourceTree = "<group>"; };
		007562BA1F8A0F5F0066466B /* Info.plist */ = {isa = PBXFileReference; lastKnownFileType = text.plist.xml; path = Info.plist; sourceTree = "<group>"; };
		007562D71F8A13C30066466B /* FLXView.framework */ = {isa = PBXFileReference; lastKnownFileType = wrapper.framework; name = FLXView.framework; path = Carthage/Build/iOS/FLXView.framework; sourceTree = "<group>"; };
		007562DB1F8A1CBA0066466B /* sample.json */ = {isa = PBXFileReference; fileEncoding = 4; lastKnownFileType = text.json; path = sample.json; sourceTree = "<group>"; };
		007562DD1F8A34470066466B /* SwiftyJSON.framework */ = {isa = PBXFileReference; lastKnownFileType = wrapper.framework; name = SwiftyJSON.framework; path = Carthage/Build/iOS/SwiftyJSON.framework; sourceTree = "<group>"; };
		0084C4D31F8F8F05002BC6B4 /* Layout.swift */ = {isa = PBXFileReference; fileEncoding = 4; lastKnownFileType = sourcecode.swift; path = Layout.swift; sourceTree = "<group>"; };
		00BD83DA1F8DE2E8000E3C4C /* Button.swift */ = {isa = PBXFileReference; fileEncoding = 4; lastKnownFileType = sourcecode.swift; path = Button.swift; sourceTree = "<group>"; };
		00BD83E01F8DE343000E3C4C /* Label.swift */ = {isa = PBXFileReference; fileEncoding = 4; lastKnownFileType = sourcecode.swift; path = Label.swift; sourceTree = "<group>"; };
		00BD83E21F8DE36E000E3C4C /* Separator.swift */ = {isa = PBXFileReference; fileEncoding = 4; lastKnownFileType = sourcecode.swift; path = Separator.swift; sourceTree = "<group>"; };
/* End PBXFileReference section */

/* Begin PBXFrameworksBuildPhase section */
		007562A81F8A0F5F0066466B /* Frameworks */ = {
			isa = PBXFrameworksBuildPhase;
			buildActionMask = 2147483647;
			files = (
				007562DE1F8A34470066466B /* SwiftyJSON.framework in Frameworks */,
				007562D81F8A13C30066466B /* FLXView.framework in Frameworks */,
			);
			runOnlyForDeploymentPostprocessing = 0;
		};
/* End PBXFrameworksBuildPhase section */

/* Begin PBXGroup section */
		007562A21F8A0F5F0066466B = {
			isa = PBXGroup;
			children = (
				007562DD1F8A34470066466B /* SwiftyJSON.framework */,
				007562D71F8A13C30066466B /* FLXView.framework */,
				007562AD1F8A0F5F0066466B /* AFTut */,
				007562AC1F8A0F5F0066466B /* Products */,
			);
			sourceTree = "<group>";
		};
		007562AC1F8A0F5F0066466B /* Products */ = {
			isa = PBXGroup;
			children = (
				007562AB1F8A0F5F0066466B /* AFTut.app */,
			);
			name = Products;
			sourceTree = "<group>";
		};
		007562AD1F8A0F5F0066466B /* AFTut */ = {
			isa = PBXGroup;
			children = (
				00BD83E41F8DE389000E3C4C /* UIElements */,
				007562AE1F8A0F5F0066466B /* AppDelegate.swift */,
				007562B01F8A0F5F0066466B /* ViewController.swift */,
				007562B21F8A0F5F0066466B /* Main.storyboard */,
				007562B51F8A0F5F0066466B /* Assets.xcassets */,
				007562B71F8A0F5F0066466B /* LaunchScreen.storyboard */,
				007562BA1F8A0F5F0066466B /* Info.plist */,
				007562DB1F8A1CBA0066466B /* sample.json */,
			);
			path = AFTut;
			sourceTree = "<group>";
		};
		00BD83E41F8DE389000E3C4C /* UIElements */ = {
			isa = PBXGroup;
			children = (
				00BD83E21F8DE36E000E3C4C /* Separator.swift */,
				00BD83E01F8DE343000E3C4C /* Label.swift */,
				00BD83DA1F8DE2E8000E3C4C /* Button.swift */,
				0084C4D31F8F8F05002BC6B4 /* Layout.swift */,
			);
			name = UIElements;
			sourceTree = "<group>";
		};
/* End PBXGroup section */

/* Begin PBXNativeTarget section */
		007562AA1F8A0F5F0066466B /* AFTut */ = {
			isa = PBXNativeTarget;
			buildConfigurationList = 007562BD1F8A0F5F0066466B /* Build configuration list for PBXNativeTarget "AFTut" */;
			buildPhases = (
				007562A71F8A0F5F0066466B /* Sources */,
				007562A81F8A0F5F0066466B /* Frameworks */,
				007562A91F8A0F5F0066466B /* Resources */,
				007562DA1F8A13C30066466B /* Embed Frameworks */,
			);
			buildRules = (
			);
			dependencies = (
			);
			name = AFTut;
			productName = AFTut;
			productReference = 007562AB1F8A0F5F0066466B /* AFTut.app */;
			productType = "com.apple.product-type.application";
		};
/* End PBXNativeTarget section */

/* Begin PBXProject section */
		007562A31F8A0F5F0066466B /* Project object */ = {
			isa = PBXProject;
			attributes = {
				LastSwiftUpdateCheck = 0830;
				LastUpgradeCheck = 0830;
				ORGANIZATIONNAME = Voltella;
				TargetAttributes = {
					007562AA1F8A0F5F0066466B = {
						CreatedOnToolsVersion = 8.3.2;
						DevelopmentTeam = 2QP4AFAPRP;
						ProvisioningStyle = Automatic;
					};
				};
			};
			buildConfigurationList = 007562A61F8A0F5F0066466B /* Build configuration list for PBXProject "AFTut" */;
			compatibilityVersion = "Xcode 3.2";
			developmentRegion = English;
			hasScannedForEncodings = 0;
			knownRegions = (
				en,
				Base,
			);
			mainGroup = 007562A21F8A0F5F0066466B;
			productRefGroup = 007562AC1F8A0F5F0066466B /* Products */;
			projectDirPath = "";
			projectRoot = "";
			targets = (
				007562AA1F8A0F5F0066466B /* AFTut */,
			);
		};
/* End PBXProject section */

/* Begin PBXResourcesBuildPhase section */
		007562A91F8A0F5F0066466B /* Resources */ = {
			isa = PBXResourcesBuildPhase;
			buildActionMask = 2147483647;
			files = (
				007562B91F8A0F5F0066466B /* LaunchScreen.storyboard in Resources */,
				007562DC1F8A1CBA0066466B /* sample.json in Resources */,
				007562B61F8A0F5F0066466B /* Assets.xcassets in Resources */,
				007562B41F8A0F5F0066466B /* Main.storyboard in Resources */,
			);
			runOnlyForDeploymentPostprocessing = 0;
		};
/* End PBXResourcesBuildPhase section */

/* Begin PBXSourcesBuildPhase section */
		007562A71F8A0F5F0066466B /* Sources */ = {
			isa = PBXSourcesBuildPhase;
			buildActionMask = 2147483647;
			files = (
				007562B11F8A0F5F0066466B /* ViewController.swift in Sources */,
				00BD83E31F8DE36E000E3C4C /* Separator.swift in Sources */,
				00BD83E11F8DE343000E3C4C /* Label.swift in Sources */,
				00BD83DB1F8DE2E8000E3C4C /* Button.swift in Sources */,
				007562AF1F8A0F5F0066466B /* AppDelegate.swift in Sources */,
				0084C4D41F8F8F05002BC6B4 /* Layout.swift in Sources */,
			);
			runOnlyForDeploymentPostprocessing = 0;
		};
/* End PBXSourcesBuildPhase section */

/* Begin PBXVariantGroup section */
		007562B21F8A0F5F0066466B /* Main.storyboard */ = {
			isa = PBXVariantGroup;
			children = (
				007562B31F8A0F5F0066466B /* Base */,
			);
			name = Main.storyboard;
			sourceTree = "<group>";
		};
		007562B71F8A0F5F0066466B /* LaunchScreen.storyboard */ = {
			isa = PBXVariantGroup;
			children = (
				007562B81F8A0F5F0066466B /* Base */,
			);
			name = LaunchScreen.storyboard;
			sourceTree = "<group>";
		};
/* End PBXVariantGroup section */

/* Begin XCBuildConfiguration section */
		007562BB1F8A0F5F0066466B /* Debug */ = {
			isa = XCBuildConfiguration;
			buildSettings = {
				ALWAYS_SEARCH_USER_PATHS = NO;
				CLANG_ANALYZER_NONNULL = YES;
				CLANG_ANALYZER_NUMBER_OBJECT_CONVERSION = YES_AGGRESSIVE;
				CLANG_CXX_LANGUAGE_STANDARD = "gnu++0x";
				CLANG_CXX_LIBRARY = "libc++";
				CLANG_ENABLE_MODULES = YES;
				CLANG_ENABLE_OBJC_ARC = YES;
				CLANG_WARN_BOOL_CONVERSION = YES;
				CLANG_WARN_CONSTANT_CONVERSION = YES;
				CLANG_WARN_DIRECT_OBJC_ISA_USAGE = YES_ERROR;
				CLANG_WARN_DOCUMENTATION_COMMENTS = YES;
				CLANG_WARN_EMPTY_BODY = YES;
				CLANG_WARN_ENUM_CONVERSION = YES;
				CLANG_WARN_INFINITE_RECURSION = YES;
				CLANG_WARN_INT_CONVERSION = YES;
				CLANG_WARN_OBJC_ROOT_CLASS = YES_ERROR;
				CLANG_WARN_SUSPICIOUS_MOVE = YES;
				CLANG_WARN_UNREACHABLE_CODE = YES;
				CLANG_WARN__DUPLICATE_METHOD_MATCH = YES;
				"CODE_SIGN_IDENTITY[sdk=iphoneos*]" = "iPhone Developer";
				COPY_PHASE_STRIP = NO;
				DEBUG_INFORMATION_FORMAT = dwarf;
				ENABLE_STRICT_OBJC_MSGSEND = YES;
				ENABLE_TESTABILITY = YES;
				GCC_C_LANGUAGE_STANDARD = gnu99;
				GCC_DYNAMIC_NO_PIC = NO;
				GCC_NO_COMMON_BLOCKS = YES;
				GCC_OPTIMIZATION_LEVEL = 0;
				GCC_PREPROCESSOR_DEFINITIONS = (
					"DEBUG=1",
					"$(inherited)",
				);
				GCC_WARN_64_TO_32_BIT_CONVERSION = YES;
				GCC_WARN_ABOUT_RETURN_TYPE = YES_ERROR;
				GCC_WARN_UNDECLARED_SELECTOR = YES;
				GCC_WARN_UNINITIALIZED_AUTOS = YES_AGGRESSIVE;
				GCC_WARN_UNUSED_FUNCTION = YES;
				GCC_WARN_UNUSED_VARIABLE = YES;
				IPHONEOS_DEPLOYMENT_TARGET = 10.3;
				MTL_ENABLE_DEBUG_INFO = YES;
				ONLY_ACTIVE_ARCH = YES;
				SDKROOT = iphoneos;
				SWIFT_ACTIVE_COMPILATION_CONDITIONS = DEBUG;
				SWIFT_OPTIMIZATION_LEVEL = "-Onone";
				TARGETED_DEVICE_FAMILY = "1,2";
			};
			name = Debug;
		};
		007562BC1F8A0F5F0066466B /* Release */ = {
			isa = XCBuildConfiguration;
			buildSettings = {
				ALWAYS_SEARCH_USER_PATHS = NO;
				CLANG_ANALYZER_NONNULL = YES;
				CLANG_ANALYZER_NUMBER_OBJECT_CONVERSION = YES_AGGRESSIVE;
				CLANG_CXX_LANGUAGE_STANDARD = "gnu++0x";
				CLANG_CXX_LIBRARY = "libc++";
				CLANG_ENABLE_MODULES = YES;
				CLANG_ENABLE_OBJC_ARC = YES;
				CLANG_WARN_BOOL_CONVERSION = YES;
				CLANG_WARN_CONSTANT_CONVERSION = YES;
				CLANG_WARN_DIRECT_OBJC_ISA_USAGE = YES_ERROR;
				CLANG_WARN_DOCUMENTATION_COMMENTS = YES;
				CLANG_WARN_EMPTY_BODY = YES;
				CLANG_WARN_ENUM_CONVERSION = YES;
				CLANG_WARN_INFINITE_RECURSION = YES;
				CLANG_WARN_INT_CONVERSION = YES;
				CLANG_WARN_OBJC_ROOT_CLASS = YES_ERROR;
				CLANG_WARN_SUSPICIOUS_MOVE = YES;
				CLANG_WARN_UNREACHABLE_CODE = YES;
				CLANG_WARN__DUPLICATE_METHOD_MATCH = YES;
				"CODE_SIGN_IDENTITY[sdk=iphoneos*]" = "iPhone Developer";
				COPY_PHASE_STRIP = NO;
				DEBUG_INFORMATION_FORMAT = "dwarf-with-dsym";
				ENABLE_NS_ASSERTIONS = NO;
				ENABLE_STRICT_OBJC_MSGSEND = YES;
				GCC_C_LANGUAGE_STANDARD = gnu99;
				GCC_NO_COMMON_BLOCKS = YES;
				GCC_WARN_64_TO_32_BIT_CONVERSION = YES;
				GCC_WARN_ABOUT_RETURN_TYPE = YES_ERROR;
				GCC_WARN_UNDECLARED_SELECTOR = YES;
				GCC_WARN_UNINITIALIZED_AUTOS = YES_AGGRESSIVE;
				GCC_WARN_UNUSED_FUNCTION = YES;
				GCC_WARN_UNUSED_VARIABLE = YES;
				IPHONEOS_DEPLOYMENT_TARGET = 10.3;
				MTL_ENABLE_DEBUG_INFO = NO;
				SDKROOT = iphoneos;
				SWIFT_OPTIMIZATION_LEVEL = "-Owholemodule";
				TARGETED_DEVICE_FAMILY = "1,2";
				VALIDATE_PRODUCT = YES;
			};
			name = Release;
		};
		007562BE1F8A0F5F0066466B /* Debug */ = {
			isa = XCBuildConfiguration;
			buildSettings = {
				ASSETCATALOG_COMPILER_APPICON_NAME = AppIcon;
				DEVELOPMENT_TEAM = 2QP4AFAPRP;
				FRAMEWORK_SEARCH_PATHS = (
					"$(inherited)",
					"$(PROJECT_DIR)/Carthage/Build/iOS",
				);
				INFOPLIST_FILE = AFTut/Info.plist;
				LD_RUNPATH_SEARCH_PATHS = "$(inherited) @executable_path/Frameworks";
				PRODUCT_BUNDLE_IDENTIFIER = com.apps.AFTut;
				PRODUCT_NAME = "$(TARGET_NAME)";
				SWIFT_VERSION = 3.0;
			};
			name = Debug;
		};
		007562BF1F8A0F5F0066466B /* Release */ = {
			isa = XCBuildConfiguration;
			buildSettings = {
				ASSETCATALOG_COMPILER_APPICON_NAME = AppIcon;
				DEVELOPMENT_TEAM = 2QP4AFAPRP;
				FRAMEWORK_SEARCH_PATHS = (
					"$(inherited)",
					"$(PROJECT_DIR)/Carthage/Build/iOS",
				);
				INFOPLIST_FILE = AFTut/Info.plist;
				LD_RUNPATH_SEARCH_PATHS = "$(inherited) @executable_path/Frameworks";
				PRODUCT_BUNDLE_IDENTIFIER = com.apps.AFTut;
				PRODUCT_NAME = "$(TARGET_NAME)";
				SWIFT_VERSION = 3.0;
			};
			name = Release;
		};
/* End XCBuildConfiguration section */

/* Begin XCConfigurationList section */
		007562A61F8A0F5F0066466B /* Build configuration list for PBXProject "AFTut" */ = {
			isa = XCConfigurationList;
			buildConfigurations = (
				007562BB1F8A0F5F0066466B /* Debug */,
				007562BC1F8A0F5F0066466B /* Release */,
			);
			defaultConfigurationIsVisible = 0;
			defaultConfigurationName = Release;
		};
		007562BD1F8A0F5F0066466B /* Build configuration list for PBXNativeTarget "AFTut" */ = {
			isa = XCConfigurationList;
			buildConfigurations = (
				007562BE1F8A0F5F0066466B /* Debug */,
				007562BF1F8A0F5F0066466B /* Release */,
			);
			defaultConfigurationIsVisible = 0;
			defaultConfigurationName = Release;
		};
/* End XCConfigurationList section */
	};
	rootObject = 007562A31F8A0F5F0066466B /* Project object */;
}
